// !$*UTF8*$!
{
	archiveVersion = 1;
	classes = {
	};
	objectVersion = 50;
	objects = {

/* Begin PBXBuildFile section */
		08739BC925780145001CEE40 /* AppDelegate.swift in Sources */ = {isa = PBXBuildFile; fileRef = 08739BC825780145001CEE40 /* AppDelegate.swift */; };
		08739BCB25780145001CEE40 /* SceneDelegate.swift in Sources */ = {isa = PBXBuildFile; fileRef = 08739BCA25780145001CEE40 /* SceneDelegate.swift */; };
		08739BD025780145001CEE40 /* Main.storyboard in Resources */ = {isa = PBXBuildFile; fileRef = 08739BCE25780145001CEE40 /* Main.storyboard */; };
		08739BD325780145001CEE40 /* InstagSignInSignUp.xcdatamodeld in Sources */ = {isa = PBXBuildFile; fileRef = 08739BD125780145001CEE40 /* InstagSignInSignUp.xcdatamodeld */; };
		08739BD525780145001CEE40 /* Assets.xcassets in Resources */ = {isa = PBXBuildFile; fileRef = 08739BD425780145001CEE40 /* Assets.xcassets */; };
		08739BD825780145001CEE40 /* LaunchScreen.storyboard in Resources */ = {isa = PBXBuildFile; fileRef = 08739BD625780145001CEE40 /* LaunchScreen.storyboard */; };
		08739BE5257801B0001CEE40 /* SignInViewController.swift in Sources */ = {isa = PBXBuildFile; fileRef = 08739BE3257801B0001CEE40 /* SignInViewController.swift */; };
		08739BE6257801B0001CEE40 /* SignInViewController.xib in Resources */ = {isa = PBXBuildFile; fileRef = 08739BE4257801B0001CEE40 /* SignInViewController.xib */; };
		08739BEB257801BF001CEE40 /* SignUpViewController.swift in Sources */ = {isa = PBXBuildFile; fileRef = 08739BE9257801BF001CEE40 /* SignUpViewController.swift */; };
		08739BEC257801BF001CEE40 /* SignUpViewController.xib in Resources */ = {isa = PBXBuildFile; fileRef = 08739BEA257801BF001CEE40 /* SignUpViewController.xib */; };
		08739BF02578256F001CEE40 /* HomeViewController.swift in Sources */ = {isa = PBXBuildFile; fileRef = 08739BEE2578256F001CEE40 /* HomeViewController.swift */; };
		08739BF12578256F001CEE40 /* HomeViewController.xib in Resources */ = {isa = PBXBuildFile; fileRef = 08739BEF2578256F001CEE40 /* HomeViewController.xib */; };
		08739BF425782643001CEE40 /* BaseViewController.swift in Sources */ = {isa = PBXBuildFile; fileRef = 08739BF325782643001CEE40 /* BaseViewController.swift */; };
/* End PBXBuildFile section */

/* Begin PBXFileReference section */
		08739BC525780145001CEE40 /* InstagSignInSignUp.app */ = {isa = PBXFileReference; explicitFileType = wrapper.application; includeInIndex = 0; path = InstagSignInSignUp.app; sourceTree = BUILT_PRODUCTS_DIR; };
		08739BC825780145001CEE40 /* AppDelegate.swift */ = {isa = PBXFileReference; lastKnownFileType = sourcecode.swift; path = AppDelegate.swift; sourceTree = "<group>"; };
		08739BCA25780145001CEE40 /* SceneDelegate.swift */ = {isa = PBXFileReference; lastKnownFileType = sourcecode.swift; path = SceneDelegate.swift; sourceTree = "<group>"; };
		08739BCF25780145001CEE40 /* Base */ = {isa = PBXFileReference; lastKnownFileType = file.storyboard; name = Base; path = Base.lproj/Main.storyboard; sourceTree = "<group>"; };
		08739BD225780145001CEE40 /* InstagSignInSignUp.xcdatamodel */ = {isa = PBXFileReference; lastKnownFileType = wrapper.xcdatamodel; path = InstagSignInSignUp.xcdatamodel; sourceTree = "<group>"; };
		08739BD425780145001CEE40 /* Assets.xcassets */ = {isa = PBXFileReference; lastKnownFileType = folder.assetcatalog; path = Assets.xcassets; sourceTree = "<group>"; };
		08739BD725780145001CEE40 /* Base */ = {isa = PBXFileReference; lastKnownFileType = file.storyboard; name = Base; path = Base.lproj/LaunchScreen.storyboard; sourceTree = "<group>"; };
		08739BD925780145001CEE40 /* Info.plist */ = {isa = PBXFileReference; lastKnownFileType = text.plist.xml; path = Info.plist; sourceTree = "<group>"; };
		08739BE3257801B0001CEE40 /* SignInViewController.swift */ = {isa = PBXFileReference; lastKnownFileType = sourcecode.swift; path = SignInViewController.swift; sourceTree = "<group>"; };
		08739BE4257801B0001CEE40 /* SignInViewController.xib */ = {isa = PBXFileReference; lastKnownFileType = file.xib; path = SignInViewController.xib; sourceTree = "<group>"; };
		08739BE9257801BF001CEE40 /* SignUpViewController.swift */ = {isa = PBXFileReference; lastKnownFileType = sourcecode.swift; path = SignUpViewController.swift; sourceTree = "<group>"; };
		08739BEA257801BF001CEE40 /* SignUpViewController.xib */ = {isa = PBXFileReference; lastKnownFileType = file.xib; path = SignUpViewController.xib; sourceTree = "<group>"; };
		08739BEE2578256F001CEE40 /* HomeViewController.swift */ = {isa = PBXFileReference; lastKnownFileType = sourcecode.swift; path = HomeViewController.swift; sourceTree = "<group>"; };
		08739BEF2578256F001CEE40 /* HomeViewController.xib */ = {isa = PBXFileReference; lastKnownFileType = file.xib; path = HomeViewController.xib; sourceTree = "<group>"; };
		08739BF325782643001CEE40 /* BaseViewController.swift */ = {isa = PBXFileReference; lastKnownFileType = sourcecode.swift; path = BaseViewController.swift; sourceTree = "<group>"; };
/* End PBXFileReference section */

/* Begin PBXFrameworksBuildPhase section */
		08739BC225780145001CEE40 /* Frameworks */ = {
			isa = PBXFrameworksBuildPhase;
			buildActionMask = 2147483647;
			files = (
			);
			runOnlyForDeploymentPostprocessing = 0;
		};
/* End PBXFrameworksBuildPhase section */

/* Begin PBXGroup section */
		08739BBC25780144001CEE40 = {
			isa = PBXGroup;
			children = (
				08739BC725780145001CEE40 /* InstagSignInSignUp */,
				08739BC625780145001CEE40 /* Products */,
			);
			sourceTree = "<group>";
		};
		08739BC625780145001CEE40 /* Products */ = {
			isa = PBXGroup;
			children = (
				08739BC525780145001CEE40 /* InstagSignInSignUp.app */,
			);
			name = Products;
			sourceTree = "<group>";
		};
		08739BC725780145001CEE40 /* InstagSignInSignUp */ = {
			isa = PBXGroup;
			children = (
				08739BE025780152001CEE40 /* controllers */,
				08739BE12578015B001CEE40 /* apputils */,
				08739BC825780145001CEE40 /* AppDelegate.swift */,
				08739BCA25780145001CEE40 /* SceneDelegate.swift */,
				08739BD925780145001CEE40 /* Info.plist */,
			);
			path = InstagSignInSignUp;
			sourceTree = "<group>";
		};
		08739BE025780152001CEE40 /* controllers */ = {
			isa = PBXGroup;
			children = (
				08739BF325782643001CEE40 /* BaseViewController.swift */,
				08739BE3257801B0001CEE40 /* SignInViewController.swift */,
				08739BE4257801B0001CEE40 /* SignInViewController.xib */,
				08739BE9257801BF001CEE40 /* SignUpViewController.swift */,
				08739BEA257801BF001CEE40 /* SignUpViewController.xib */,
				08739BEE2578256F001CEE40 /* HomeViewController.swift */,
				08739BEF2578256F001CEE40 /* HomeViewController.xib */,
			);
			path = controllers;
			sourceTree = "<group>";
		};
		08739BE12578015B001CEE40 /* apputils */ = {
			isa = PBXGroup;
			children = (
				08739BCE25780145001CEE40 /* Main.storyboard */,
				08739BD625780145001CEE40 /* LaunchScreen.storyboard */,
				08739BD125780145001CEE40 /* InstagSignInSignUp.xcdatamodeld */,
				08739BD425780145001CEE40 /* Assets.xcassets */,
			);
			path = apputils;
			sourceTree = "<group>";
		};
/* End PBXGroup section */

/* Begin PBXNativeTarget section */
		08739BC425780145001CEE40 /* InstagSignInSignUp */ = {
			isa = PBXNativeTarget;
			buildConfigurationList = 08739BDC25780145001CEE40 /* Build configuration list for PBXNativeTarget "InstagSignInSignUp" */;
			buildPhases = (
				08739BC125780145001CEE40 /* Sources */,
				08739BC225780145001CEE40 /* Frameworks */,
				08739BC325780145001CEE40 /* Resources */,
			);
			buildRules = (
			);
			dependencies = (
			);
			name = InstagSignInSignUp;
			productName = InstagSignInSignUp;
			productReference = 08739BC525780145001CEE40 /* InstagSignInSignUp.app */;
			productType = "com.apple.product-type.application";
		};
/* End PBXNativeTarget section */

/* Begin PBXProject section */
		08739BBD25780144001CEE40 /* Project object */ = {
			isa = PBXProject;
			attributes = {
				LastSwiftUpdateCheck = 1210;
				LastUpgradeCheck = 1210;
				TargetAttributes = {
					08739BC425780145001CEE40 = {
						CreatedOnToolsVersion = 12.1;
					};
				};
			};
			buildConfigurationList = 08739BC025780144001CEE40 /* Build configuration list for PBXProject "InstagSignInSignUp" */;
			compatibilityVersion = "Xcode 9.3";
			developmentRegion = en;
			hasScannedForEncodings = 0;
			knownRegions = (
				en,
				Base,
			);
			mainGroup = 08739BBC25780144001CEE40;
			productRefGroup = 08739BC625780145001CEE40 /* Products */;
			projectDirPath = "";
			projectRoot = "";
			targets = (
				08739BC425780145001CEE40 /* InstagSignInSignUp */,
			);
		};
/* End PBXProject section */

/* Begin PBXResourcesBuildPhase section */
		08739BC325780145001CEE40 /* Resources */ = {
			isa = PBXResourcesBuildPhase;
			buildActionMask = 2147483647;
			files = (
				08739BEC257801BF001CEE40 /* SignUpViewController.xib in Resources */,
				08739BE6257801B0001CEE40 /* SignInViewController.xib in Resources */,
				08739BD825780145001CEE40 /* LaunchScreen.storyboard in Resources */,
				08739BD525780145001CEE40 /* Assets.xcassets in Resources */,
				08739BD025780145001CEE40 /* Main.storyboard in Resources */,
				08739BF12578256F001CEE40 /* HomeViewController.xib in Resources */,
			);
			runOnlyForDeploymentPostprocessing = 0;
		};
/* End PBXResourcesBuildPhase section */

/* Begin PBXSourcesBuildPhase section */
		08739BC125780145001CEE40 /* Sources */ = {
			isa = PBXSourcesBuildPhase;
			buildActionMask = 2147483647;
			files = (
				08739BE5257801B0001CEE40 /* SignInViewController.swift in Sources */,
				08739BC925780145001CEE40 /* AppDelegate.swift in Sources */,
				08739BCB25780145001CEE40 /* SceneDelegate.swift in Sources */,
				08739BD325780145001CEE40 /* InstagSignInSignUp.xcdatamodeld in Sources */,
				08739BEB257801BF001CEE40 /* SignUpViewController.swift in Sources */,
				08739BF425782643001CEE40 /* BaseViewController.swift in Sources */,
				08739BF02578256F001CEE40 /* HomeViewController.swift in Sources */,
			);
			runOnlyForDeploymentPostprocessing = 0;
		};
/* End PBXSourcesBuildPhase section */

/* Begin PBXVariantGroup section */
		08739BCE25780145001CEE40 /* Main.storyboard */ = {
			isa = PBXVariantGroup;
			children = (
				08739BCF25780145001CEE40 /* Base */,
			);
			name = Main.storyboard;
			sourceTree = "<group>";
		};
		08739BD625780145001CEE40 /* LaunchScreen.storyboard */ = {
			isa = PBXVariantGroup;
			children = (
				08739BD725780145001CEE40 /* Base */,
			);
			name = LaunchScreen.storyboard;
			sourceTree = "<group>";
		};
/* End PBXVariantGroup section */

/* Begin XCBuildConfiguration section */
		08739BDA25780145001CEE40 /* Debug */ = {
			isa = XCBuildConfiguration;
			buildSettings = {
				ALWAYS_SEARCH_USER_PATHS = NO;
				CLANG_ANALYZER_NONNULL = YES;
				CLANG_ANALYZER_NUMBER_OBJECT_CONVERSION = YES_AGGRESSIVE;
				CLANG_CXX_LANGUAGE_STANDARD = "gnu++14";
				CLANG_CXX_LIBRARY = "libc++";
				CLANG_ENABLE_MODULES = YES;
				CLANG_ENABLE_OBJC_ARC = YES;
				CLANG_ENABLE_OBJC_WEAK = YES;
				CLANG_WARN_BLOCK_CAPTURE_AUTORELEASING = YES;
				CLANG_WARN_BOOL_CONVERSION = YES;
				CLANG_WARN_COMMA = YES;
				CLANG_WARN_CONSTANT_CONVERSION = YES;
				CLANG_WARN_DEPRECATED_OBJC_IMPLEMENTATIONS = YES;
				CLANG_WARN_DIRECT_OBJC_ISA_USAGE = YES_ERROR;
				CLANG_WARN_DOCUMENTATION_COMMENTS = YES;
				CLANG_WARN_EMPTY_BODY = YES;
				CLANG_WARN_ENUM_CONVERSION = YES;
				CLANG_WARN_INFINITE_RECURSION = YES;
				CLANG_WARN_INT_CONVERSION = YES;
				CLANG_WARN_NON_LITERAL_NULL_CONVERSION = YES;
				CLANG_WARN_OBJC_IMPLICIT_RETAIN_SELF = YES;
				CLANG_WARN_OBJC_LITERAL_CONVERSION = YES;
				CLANG_WARN_OBJC_ROOT_CLASS = YES_ERROR;
				CLANG_WARN_QUOTED_INCLUDE_IN_FRAMEWORK_HEADER = YES;
				CLANG_WARN_RANGE_LOOP_ANALYSIS = YES;
				CLANG_WARN_STRICT_PROTOTYPES = YES;
				CLANG_WARN_SUSPICIOUS_MOVE = YES;
				CLANG_WARN_UNGUARDED_AVAILABILITY = YES_AGGRESSIVE;
				CLANG_WARN_UNREACHABLE_CODE = YES;
				CLANG_WARN__DUPLICATE_METHOD_MATCH = YES;
				COPY_PHASE_STRIP = NO;
				DEBUG_INFORMATION_FORMAT = dwarf;
				ENABLE_STRICT_OBJC_MSGSEND = YES;
				ENABLE_TESTABILITY = YES;
				GCC_C_LANGUAGE_STANDARD = gnu11;
				GCC_DYNAMIC_NO_PIC = NO;
				GCC_NO_COMMON_BLOCKS = YES;
				GCC_OPTIMIZATION_LEVEL = 0;
				GCC_PREPROCESSOR_DEFINITIONS = (
					"DEBUG=1",
					"$(inherited)",
				);
				GCC_WARN_64_TO_32_BIT_CONVERSION = YES;
				GCC_WARN_ABOUT_RETURN_TYPE = YES_ERROR;
				GCC_WARN_UNDECLARED_SELECTOR = YES;
				GCC_WARN_UNINITIALIZED_AUTOS = YES_AGGRESSIVE;
				GCC_WARN_UNUSED_FUNCTION = YES;
				GCC_WARN_UNUSED_VARIABLE = YES;
				IPHONEOS_DEPLOYMENT_TARGET = 14.1;
				MTL_ENABLE_DEBUG_INFO = INCLUDE_SOURCE;
				MTL_FAST_MATH = YES;
				ONLY_ACTIVE_ARCH = YES;
				SDKROOT = iphoneos;
				SWIFT_ACTIVE_COMPILATION_CONDITIONS = DEBUG;
				SWIFT_OPTIMIZATION_LEVEL = "-Onone";
			};
			name = Debug;
		};
		08739BDB25780145001CEE40 /* Release */ = {
			isa = XCBuildConfiguration;
			buildSettings = {
				ALWAYS_SEARCH_USER_PATHS = NO;
				CLANG_ANALYZER_NONNULL = YES;
				CLANG_ANALYZER_NUMBER_OBJECT_CONVERSION = YES_AGGRESSIVE;
				CLANG_CXX_LANGUAGE_STANDARD = "gnu++14";
				CLANG_CXX_LIBRARY = "libc++";
				CLANG_ENABLE_MODULES = YES;
				CLANG_ENABLE_OBJC_ARC = YES;
				CLANG_ENABLE_OBJC_WEAK = YES;
				CLANG_WARN_BLOCK_CAPTURE_AUTORELEASING = YES;
				CLANG_WARN_BOOL_CONVERSION = YES;
				CLANG_WARN_COMMA = YES;
				CLANG_WARN_CONSTANT_CONVERSION = YES;
				CLANG_WARN_DEPRECATED_OBJC_IMPLEMENTATIONS = YES;
				CLANG_WARN_DIRECT_OBJC_ISA_USAGE = YES_ERROR;
				CLANG_WARN_DOCUMENTATION_COMMENTS = YES;
				CLANG_WARN_EMPTY_BODY = YES;
				CLANG_WARN_ENUM_CONVERSION = YES;
				CLANG_WARN_INFINITE_RECURSION = YES;
				CLANG_WARN_INT_CONVERSION = YES;
				CLANG_WARN_NON_LITERAL_NULL_CONVERSION = YES;
				CLANG_WARN_OBJC_IMPLICIT_RETAIN_SELF = YES;
				CLANG_WARN_OBJC_LITERAL_CONVERSION = YES;
				CLANG_WARN_OBJC_ROOT_CLASS = YES_ERROR;
				CLANG_WARN_QUOTED_INCLUDE_IN_FRAMEWORK_HEADER = YES;
				CLANG_WARN_RANGE_LOOP_ANALYSIS = YES;
				CLANG_WARN_STRICT_PROTOTYPES = YES;
				CLANG_WARN_SUSPICIOUS_MOVE = YES;
				CLANG_WARN_UNGUARDED_AVAILABILITY = YES_AGGRESSIVE;
				CLANG_WARN_UNREACHABLE_CODE = YES;
				CLANG_WARN__DUPLICATE_METHOD_MATCH = YES;
				COPY_PHASE_STRIP = NO;
				DEBUG_INFORMATION_FORMAT = "dwarf-with-dsym";
				ENABLE_NS_ASSERTIONS = NO;
				ENABLE_STRICT_OBJC_MSGSEND = YES;
				GCC_C_LANGUAGE_STANDARD = gnu11;
				GCC_NO_COMMON_BLOCKS = YES;
				GCC_WARN_64_TO_32_BIT_CONVERSION = YES;
				GCC_WARN_ABOUT_RETURN_TYPE = YES_ERROR;
				GCC_WARN_UNDECLARED_SELECTOR = YES;
				GCC_WARN_UNINITIALIZED_AUTOS = YES_AGGRESSIVE;
				GCC_WARN_UNUSED_FUNCTION = YES;
				GCC_WARN_UNUSED_VARIABLE = YES;
				IPHONEOS_DEPLOYMENT_TARGET = 14.1;
				MTL_ENABLE_DEBUG_INFO = NO;
				MTL_FAST_MATH = YES;
				SDKROOT = iphoneos;
				SWIFT_COMPILATION_MODE = wholemodule;
				SWIFT_OPTIMIZATION_LEVEL = "-O";
				VALIDATE_PRODUCT = YES;
			};
			name = Release;
		};
		08739BDD25780145001CEE40 /* Debug */ = {
			isa = XCBuildConfiguration;
			buildSettings = {
				ASSETCATALOG_COMPILER_APPICON_NAME = AppIcon;
				ASSETCATALOG_COMPILER_GLOBAL_ACCENT_COLOR_NAME = AccentColor;
				CODE_SIGN_STYLE = Automatic;
				DEVELOPMENT_TEAM = ZBCH42888L;
				INFOPLIST_FILE = InstagSignInSignUp/Info.plist;
				LD_RUNPATH_SEARCH_PATHS = (
					"$(inherited)",
					"@executable_path/Frameworks",
				);
				PRODUCT_BUNDLE_IDENTIFIER = swift.InstagSignInSignUp;
				PRODUCT_NAME = "$(TARGET_NAME)";
				SWIFT_VERSION = 5.0;
				TARGETED_DEVICE_FAMILY = "1,2";
			};
			name = Debug;
		};
		08739BDE25780145001CEE40 /* Release */ = {
			isa = XCBuildConfiguration;
			buildSettings = {
				ASSETCATALOG_COMPILER_APPICON_NAME = AppIcon;
				ASSETCATALOG_COMPILER_GLOBAL_ACCENT_COLOR_NAME = AccentColor;
				CODE_SIGN_STYLE = Automatic;
				DEVELOPMENT_TEAM = ZBCH42888L;
				INFOPLIST_FILE = InstagSignInSignUp/Info.plist;
				LD_RUNPATH_SEARCH_PATHS = (
					"$(inherited)",
					"@executable_path/Frameworks",
				);
				PRODUCT_BUNDLE_IDENTIFIER = swift.InstagSignInSignUp;
				PRODUCT_NAME = "$(TARGET_NAME)";
				SWIFT_VERSION = 5.0;
				TARGETED_DEVICE_FAMILY = "1,2";
			};
			name = Release;
		};
/* End XCBuildConfiguration section */

/* Begin XCConfigurationList section */
		08739BC025780144001CEE40 /* Build configuration list for PBXProject "InstagSignInSignUp" */ = {
			isa = XCConfigurationList;
			buildConfigurations = (
				08739BDA25780145001CEE40 /* Debug */,
				08739BDB25780145001CEE40 /* Release */,
			);
			defaultConfigurationIsVisible = 0;
			defaultConfigurationName = Release;
		};
		08739BDC25780145001CEE40 /* Build configuration list for PBXNativeTarget "InstagSignInSignUp" */ = {
			isa = XCConfigurationList;
			buildConfigurations = (
				08739BDD25780145001CEE40 /* Debug */,
				08739BDE25780145001CEE40 /* Release */,
			);
			defaultConfigurationIsVisible = 0;
			defaultConfigurationName = Release;
		};
/* End XCConfigurationList section */

/* Begin XCVersionGroup section */
		08739BD125780145001CEE40 /* InstagSignInSignUp.xcdatamodeld */ = {
			isa = XCVersionGroup;
			children = (
				08739BD225780145001CEE40 /* InstagSignInSignUp.xcdatamodel */,
			);
			currentVersion = 08739BD225780145001CEE40 /* InstagSignInSignUp.xcdatamodel */;
			path = InstagSignInSignUp.xcdatamodeld;
			sourceTree = "<group>";
			versionGroupType = wrapper.xcdatamodel;
		};
/* End XCVersionGroup section */
	};
	rootObject = 08739BBD25780144001CEE40 /* Project object */;
}
